
Microsoft Visual Studio Solution File, Format Version 12.00
# Visual Studio Version 16
VisualStudioVersion = 16.0.32929.386
MinimumVisualStudioVersion = 10.0.40219.1
Project("{FAE04EC0-301F-11D3-BF4B-00C04F79EFBC}") = "Task1", "Lab 7\Task1.csproj", "{4788ED0C-8F9F-45D8-BF14-DB63C43BD06B}"
EndProject
Project("{FAE04EC0-301F-11D3-BF4B-00C04F79EFBC}") = "Task2", "Task2\Task2.csproj", "{79E4D0BA-B05D-4076-AE99-5D3701C7D033}"
EndProject
Project("{FAE04EC0-301F-11D3-BF4B-00C04F79EFBC}") = "Task2_1", "Task2_1\Task2_1.csproj", "{66D57887-10D6-41DB-84CA-7AF616014415}"
EndProject
Global
	GlobalSection(SolutionConfigurationPlatforms) = preSolution
		Debug|Any CPU = Debug|Any CPU
		Release|Any CPU = Release|Any CPU
	EndGlobalSection
	GlobalSection(ProjectConfigurationPlatforms) = postSolution
		{4788ED0C-8F9F-45D8-BF14-DB63C43BD06B}.Debug|Any CPU.ActiveCfg = Debug|Any CPU
		{4788ED0C-8F9F-45D8-BF14-DB63C43BD06B}.Debug|Any CPU.Build.0 = Debug|Any CPU
		{4788ED0C-8F9F-45D8-BF14-DB63C43BD06B}.Release|Any CPU.ActiveCfg = Release|Any CPU
		{4788ED0C-8F9F-45D8-BF14-DB63C43BD06B}.Release|Any CPU.Build.0 = Release|Any CPU
		{79E4D0BA-B05D-4076-AE99-5D3701C7D033}.Debug|Any CPU.ActiveCfg = Debug|Any CPU
		{79E4D0BA-B05D-4076-AE99-5D3701C7D033}.Debug|Any CPU.Build.0 = Debug|Any CPU
		{79E4D0BA-B05D-4076-AE99-5D3701C7D033}.Release|Any CPU.ActiveCfg = Release|Any CPU
		{79E4D0BA-B05D-4076-AE99-5D3701C7D033}.Release|Any CPU.Build.0 = Release|Any CPU
		{66D57887-10D6-41DB-84CA-7AF616014415}.Debug|Any CPU.ActiveCfg = Debug|Any CPU
		{66D57887-10D6-41DB-84CA-7AF616014415}.Debug|Any CPU.Build.0 = Debug|Any CPU
		{66D57887-10D6-41DB-84CA-7AF616014415}.Release|Any CPU.ActiveCfg = Release|Any CPU
		{66D57887-10D6-41DB-84CA-7AF616014415}.Release|Any CPU.Build.0 = Release|Any CPU
	EndGlobalSection
	GlobalSection(SolutionProperties) = preSolution
		HideSolutionNode = FALSE
	EndGlobalSection
	GlobalSection(ExtensibilityGlobals) = postSolution
		SolutionGuid = {41805329-B8C8-415D-B1D8-282D64CF1DAF}
	EndGlobalSection
EndGlobal
